
Microsoft Visual Studio Solution File, Format Version 12.00
# Visual Studio Version 16
VisualStudioVersion = 16.0.31624.102
MinimumVisualStudioVersion = 10.0.40219.1
Project("{9A19103F-16F7-4668-BE54-9A1E7A4F7556}") = "tallerazure.Common", "tallerazure.Common\tallerazure.Common.csproj", "{52DDB1B2-A659-416A-8883-01CB4FD1BE39}"
EndProject
Project("{9A19103F-16F7-4668-BE54-9A1E7A4F7556}") = "tallerazure.Functions", "tallerazure.Function\tallerazure.Functions.csproj", "{8C67C602-523A-4598-8C01-CBD05492AF56}"
EndProject
Project("{9A19103F-16F7-4668-BE54-9A1E7A4F7556}") = "tallerazure.test", "tallerazure.test\tallerazure.test.csproj", "{159F0D41-7E13-4EDC-A70F-69C527D6FDCD}"
EndProject
Project("{2150E333-8FDC-42A3-9474-1A3956D46DE8}") = "Solution Items", "Solution Items", "{DEE41740-D079-40C9-9B06-1DDDD9C1A65A}"
	ProjectSection(SolutionItems) = preProject
		.editorconfig = .editorconfig
	EndProjectSection
EndProject
Global
	GlobalSection(SolutionConfigurationPlatforms) = preSolution
		Debug|Any CPU = Debug|Any CPU
		Release|Any CPU = Release|Any CPU
	EndGlobalSection
	GlobalSection(ProjectConfigurationPlatforms) = postSolution
		{52DDB1B2-A659-416A-8883-01CB4FD1BE39}.Debug|Any CPU.ActiveCfg = Debug|Any CPU
		{52DDB1B2-A659-416A-8883-01CB4FD1BE39}.Debug|Any CPU.Build.0 = Debug|Any CPU
		{52DDB1B2-A659-416A-8883-01CB4FD1BE39}.Release|Any CPU.ActiveCfg = Release|Any CPU
		{52DDB1B2-A659-416A-8883-01CB4FD1BE39}.Release|Any CPU.Build.0 = Release|Any CPU
		{8C67C602-523A-4598-8C01-CBD05492AF56}.Debug|Any CPU.ActiveCfg = Debug|Any CPU
		{8C67C602-523A-4598-8C01-CBD05492AF56}.Debug|Any CPU.Build.0 = Debug|Any CPU
		{8C67C602-523A-4598-8C01-CBD05492AF56}.Release|Any CPU.ActiveCfg = Release|Any CPU
		{8C67C602-523A-4598-8C01-CBD05492AF56}.Release|Any CPU.Build.0 = Release|Any CPU
		{159F0D41-7E13-4EDC-A70F-69C527D6FDCD}.Debug|Any CPU.ActiveCfg = Debug|Any CPU
		{159F0D41-7E13-4EDC-A70F-69C527D6FDCD}.Debug|Any CPU.Build.0 = Debug|Any CPU
		{159F0D41-7E13-4EDC-A70F-69C527D6FDCD}.Release|Any CPU.ActiveCfg = Release|Any CPU
		{159F0D41-7E13-4EDC-A70F-69C527D6FDCD}.Release|Any CPU.Build.0 = Release|Any CPU
	EndGlobalSection
	GlobalSection(SolutionProperties) = preSolution
		HideSolutionNode = FALSE
	EndGlobalSection
	GlobalSection(ExtensibilityGlobals) = postSolution
		SolutionGuid = {FB69B66B-099C-49C0-A20A-717CC8355DB5}
	EndGlobalSection
EndGlobal
